{
  "name": "pebble-aaps",
  "version": "1.0.0",
  "lockfileVersion": 3,
  "requires": true,
  "packages": {
    "": {
      "name": "pebble-aaps",
      "version": "1.0.0",
      "license": "GPL-3.0-or-later",
      "dependencies": {
        "pebble-scalable": "^2.3.0"
      }
    },
    "node_modules/pebble-scalable": {
      "version": "2.3.0",
      "resolved": "https://registry.npmjs.org/pebble-scalable/-/pebble-scalable-2.3.0.tgz",
      "integrity": "sha512-9ZoLc4P4cvEMLni0C0SK1h4EKNkkckYM2JMdka/JKnwxS1oEovCJaaNryFAqjC0cfABYfbhwQ2aGE3QTH98NCA=="
    }
  }
}
